{
  "name": "1415fee72ff6294b",
  "lockfileVersion": 3,
  "requires": true,
  "packages": {
    "": {
      "dependencies": {
        "create-vite": "^8.1.0"
      }
    },
    "node_modules/create-vite": {
      "version": "8.1.0",
      "resolved": "https://registry.npmjs.org/create-vite/-/create-vite-8.1.0.tgz",
      "integrity": "sha512-JkgaTpyvvvEh9s1JBheRDW/LxUMp562revOmN30anozgioou6T/5uY4duWuwX6u/O41hoQ5N+lt8CXzaQ0cMHw==",
      "license": "MIT",
      "bin": {
        "create-vite": "index.js",
        "cva": "index.js"
      },
      "engines": {
        "node": "^20.19.0 || >=22.12.0"
      },
      "funding": {
        "url": "https://github.com/vitejs/vite?sponsor=1"
      }
    }
  }
}
